PODS:
  - SnapKit (5.6.0)
  - SwiftyJSON (4.3.0)

DEPENDENCIES:
  - SnapKit (~> 5.6)
  - SwiftyJSON (~> 4.0)

SPEC REPOS:
  trunk:
    - SnapKit
    - SwiftyJSON

SPEC CHECKSUMS:
  SnapKit: e01d52ebb8ddbc333eefe2132acf85c8227d9c25
  SwiftyJSON: 6faa0040f8b59dead0ee07436cbf76b73c08fd08

PODFILE CHECKSUM: f861941a70ff7e5296b7ecbcd5fd25c5a8f907f2

COCOAPODS: 1.11.3
