// !$*UTF8*$!
{
	archiveVersion = 1;
	classes = {
	};
	objectVersion = 54;
	objects = {

/* Begin PBXBuildFile section */
		3EEAD704CF702BD45A4B8D16 /* Pods_Fokus.framework in Frameworks */ = {isa = PBXBuildFile; fileRef = ACF241316042AB47065B50CF /* Pods_Fokus.framework */; };
		95059FA02928D689002D97D1 /* Colors.swift in Sources */ = {isa = PBXBuildFile; fileRef = 95059F9F2928D689002D97D1 /* Colors.swift */; };
		95059FA22928D83B002D97D1 /* Font.swift in Sources */ = {isa = PBXBuildFile; fileRef = 95059FA12928D83B002D97D1 /* Font.swift */; };
		95059FA52928E6D0002D97D1 /* AtkinsonHyperlegible-Regular.ttf in Resources */ = {isa = PBXBuildFile; fileRef = 95059FA42928D8AF002D97D1 /* AtkinsonHyperlegible-Regular.ttf */; };
		95059FA62928E6D3002D97D1 /* AtkinsonHyperlegible-Bold.ttf in Resources */ = {isa = PBXBuildFile; fileRef = 95059FA32928D8AF002D97D1 /* AtkinsonHyperlegible-Bold.ttf */; };
		9513AFBC29295ECE00415C8B /* HomeVC.swift in Sources */ = {isa = PBXBuildFile; fileRef = 9513AFBB29295ECE00415C8B /* HomeVC.swift */; };
		952BA13D292521EE00767FDD /* ViewPreview.swift in Sources */ = {isa = PBXBuildFile; fileRef = 952BA13B292521EE00767FDD /* ViewPreview.swift */; };
		952BA13E292521EE00767FDD /* ViewControllerPreview.swift in Sources */ = {isa = PBXBuildFile; fileRef = 952BA13C292521EE00767FDD /* ViewControllerPreview.swift */; };
		952BA1432925224B00767FDD /* DummyVC.swift in Sources */ = {isa = PBXBuildFile; fileRef = 952BA1422925224B00767FDD /* DummyVC.swift */; };
		952BA1462925227800767FDD /* TabBarVC.swift in Sources */ = {isa = PBXBuildFile; fileRef = 952BA1452925227800767FDD /* TabBarVC.swift */; };
		952BF7EE292CF2BF00D924A8 /* OptionsCollectionView.swift in Sources */ = {isa = PBXBuildFile; fileRef = 952BF7ED292CF2BE00D924A8 /* OptionsCollectionView.swift */; };
		952BF7F0292D00A500D924A8 /* OptionButton.swift in Sources */ = {isa = PBXBuildFile; fileRef = 952BF7EF292D00A500D924A8 /* OptionButton.swift */; };
		952BF7F2292D060A00D924A8 /* CounterView.swift in Sources */ = {isa = PBXBuildFile; fileRef = 952BF7F1292D060A00D924A8 /* CounterView.swift */; };
		955A2FB12912A7F300513D8E /* AppDelegate.swift in Sources */ = {isa = PBXBuildFile; fileRef = 955A2FB02912A7F300513D8E /* AppDelegate.swift */; };
		955A2FB32912A7F300513D8E /* SceneDelegate.swift in Sources */ = {isa = PBXBuildFile; fileRef = 955A2FB22912A7F300513D8E /* SceneDelegate.swift */; };
		955A2FB82912A7F300513D8E /* Main.storyboard in Resources */ = {isa = PBXBuildFile; fileRef = 955A2FB62912A7F300513D8E /* Main.storyboard */; };
		955A2FBB2912A7F300513D8E /* Fokus.xcdatamodeld in Sources */ = {isa = PBXBuildFile; fileRef = 955A2FB92912A7F300513D8E /* Fokus.xcdatamodeld */; };
		955A2FBD2912A7F400513D8E /* Assets.xcassets in Resources */ = {isa = PBXBuildFile; fileRef = 955A2FBC2912A7F400513D8E /* Assets.xcassets */; };
		955A2FC02912A7F400513D8E /* LaunchScreen.storyboard in Resources */ = {isa = PBXBuildFile; fileRef = 955A2FBE2912A7F400513D8E /* LaunchScreen.storyboard */; };
		95ECFEC92931F02900F5F334 /* CreateTaskVC.swift in Sources */ = {isa = PBXBuildFile; fileRef = 95ECFEC82931F02900F5F334 /* CreateTaskVC.swift */; };
		95ECFECC2931F09200F5F334 /* TitleTextField.swift in Sources */ = {isa = PBXBuildFile; fileRef = 95ECFECB2931F09200F5F334 /* TitleTextField.swift */; };
		95ECFECE2931F19B00F5F334 /* SubHeadLabel.swift in Sources */ = {isa = PBXBuildFile; fileRef = 95ECFECD2931F19B00F5F334 /* SubHeadLabel.swift */; };
		95ECFED02931F20700F5F334 /* Font Size.swift in Sources */ = {isa = PBXBuildFile; fileRef = 95ECFECF2931F20700F5F334 /* Font Size.swift */; };
		B6CEE0942928DC9A00C04532 /* ProfileView.swift in Sources */ = {isa = PBXBuildFile; fileRef = B6CEE0932928DC9A00C04532 /* ProfileView.swift */; };
		F9BE0C4329365A05007529FB /* PomodoroDetail.swift in Sources */ = {isa = PBXBuildFile; fileRef = F9BE0C4229365A05007529FB /* PomodoroDetail.swift */; };
		F9BE0C462936DE84007529FB /* DetailTaskVC.swift in Sources */ = {isa = PBXBuildFile; fileRef = F9BE0C452936DE83007529FB /* DetailTaskVC.swift */; };
		F9CB5DA82928EB52003C6371 /* TaskListCell.swift in Sources */ = {isa = PBXBuildFile; fileRef = F9CB5DA72928EB52003C6371 /* TaskListCell.swift */; };
/* End PBXBuildFile section */

/* Begin PBXFileReference section */
		95059F9F2928D689002D97D1 /* Colors.swift */ = {isa = PBXFileReference; lastKnownFileType = sourcecode.swift; path = Colors.swift; sourceTree = "<group>"; };
		95059FA12928D83B002D97D1 /* Font.swift */ = {isa = PBXFileReference; lastKnownFileType = sourcecode.swift; path = Font.swift; sourceTree = "<group>"; };
		95059FA32928D8AF002D97D1 /* AtkinsonHyperlegible-Bold.ttf */ = {isa = PBXFileReference; lastKnownFileType = file; path = "AtkinsonHyperlegible-Bold.ttf"; sourceTree = "<group>"; };
		95059FA42928D8AF002D97D1 /* AtkinsonHyperlegible-Regular.ttf */ = {isa = PBXFileReference; lastKnownFileType = file; path = "AtkinsonHyperlegible-Regular.ttf"; sourceTree = "<group>"; };
		9513AFBB29295ECE00415C8B /* HomeVC.swift */ = {isa = PBXFileReference; lastKnownFileType = sourcecode.swift; path = HomeVC.swift; sourceTree = "<group>"; };
		952BA13B292521EE00767FDD /* ViewPreview.swift */ = {isa = PBXFileReference; fileEncoding = 4; lastKnownFileType = sourcecode.swift; path = ViewPreview.swift; sourceTree = "<group>"; };
		952BA13C292521EE00767FDD /* ViewControllerPreview.swift */ = {isa = PBXFileReference; fileEncoding = 4; lastKnownFileType = sourcecode.swift; path = ViewControllerPreview.swift; sourceTree = "<group>"; };
		952BA1422925224B00767FDD /* DummyVC.swift */ = {isa = PBXFileReference; lastKnownFileType = sourcecode.swift; path = DummyVC.swift; sourceTree = "<group>"; };
		952BA1452925227800767FDD /* TabBarVC.swift */ = {isa = PBXFileReference; lastKnownFileType = sourcecode.swift; path = TabBarVC.swift; sourceTree = "<group>"; };
		952BF7ED292CF2BE00D924A8 /* OptionsCollectionView.swift */ = {isa = PBXFileReference; fileEncoding = 4; lastKnownFileType = sourcecode.swift; path = OptionsCollectionView.swift; sourceTree = "<group>"; };
		952BF7EF292D00A500D924A8 /* OptionButton.swift */ = {isa = PBXFileReference; lastKnownFileType = sourcecode.swift; path = OptionButton.swift; sourceTree = "<group>"; };
		952BF7F1292D060A00D924A8 /* CounterView.swift */ = {isa = PBXFileReference; lastKnownFileType = sourcecode.swift; path = CounterView.swift; sourceTree = "<group>"; };
		955A2FAD2912A7F300513D8E /* Fokus.app */ = {isa = PBXFileReference; explicitFileType = wrapper.application; includeInIndex = 0; path = Fokus.app; sourceTree = BUILT_PRODUCTS_DIR; };
		955A2FB02912A7F300513D8E /* AppDelegate.swift */ = {isa = PBXFileReference; lastKnownFileType = sourcecode.swift; path = AppDelegate.swift; sourceTree = "<group>"; };
		955A2FB22912A7F300513D8E /* SceneDelegate.swift */ = {isa = PBXFileReference; lastKnownFileType = sourcecode.swift; path = SceneDelegate.swift; sourceTree = "<group>"; };
		955A2FB72912A7F300513D8E /* Base */ = {isa = PBXFileReference; lastKnownFileType = file.storyboard; name = Base; path = Base.lproj/Main.storyboard; sourceTree = "<group>"; };
		955A2FBA2912A7F300513D8E /* Fokus.xcdatamodel */ = {isa = PBXFileReference; lastKnownFileType = wrapper.xcdatamodel; path = Fokus.xcdatamodel; sourceTree = "<group>"; };
		955A2FBC2912A7F400513D8E /* Assets.xcassets */ = {isa = PBXFileReference; lastKnownFileType = folder.assetcatalog; path = Assets.xcassets; sourceTree = "<group>"; };
		955A2FBF2912A7F400513D8E /* Base */ = {isa = PBXFileReference; lastKnownFileType = file.storyboard; name = Base; path = Base.lproj/LaunchScreen.storyboard; sourceTree = "<group>"; };
		955A2FC12912A7F400513D8E /* Info.plist */ = {isa = PBXFileReference; lastKnownFileType = text.plist.xml; path = Info.plist; sourceTree = "<group>"; };
		95ECFEC82931F02900F5F334 /* CreateTaskVC.swift */ = {isa = PBXFileReference; lastKnownFileType = sourcecode.swift; path = CreateTaskVC.swift; sourceTree = "<group>"; };
		95ECFECB2931F09200F5F334 /* TitleTextField.swift */ = {isa = PBXFileReference; lastKnownFileType = sourcecode.swift; path = TitleTextField.swift; sourceTree = "<group>"; };
		95ECFECD2931F19B00F5F334 /* SubHeadLabel.swift */ = {isa = PBXFileReference; lastKnownFileType = sourcecode.swift; path = SubHeadLabel.swift; sourceTree = "<group>"; };
		95ECFECF2931F20700F5F334 /* Font Size.swift */ = {isa = PBXFileReference; lastKnownFileType = sourcecode.swift; path = "Font Size.swift"; sourceTree = "<group>"; };
		ACF241316042AB47065B50CF /* Pods_Fokus.framework */ = {isa = PBXFileReference; explicitFileType = wrapper.framework; includeInIndex = 0; path = Pods_Fokus.framework; sourceTree = BUILT_PRODUCTS_DIR; };
		B6CEE0932928DC9A00C04532 /* ProfileView.swift */ = {isa = PBXFileReference; lastKnownFileType = sourcecode.swift; name = ProfileView.swift; path = Fokus/Presentation/Home/Components/ProfileView.swift; sourceTree = SOURCE_ROOT; };
		CCF6B459E7323D60CB578BF2 /* Pods-Fokus.release.xcconfig */ = {isa = PBXFileReference; includeInIndex = 1; lastKnownFileType = text.xcconfig; name = "Pods-Fokus.release.xcconfig"; path = "Target Support Files/Pods-Fokus/Pods-Fokus.release.xcconfig"; sourceTree = "<group>"; };
		F9BE0C4229365A05007529FB /* PomodoroDetail.swift */ = {isa = PBXFileReference; lastKnownFileType = sourcecode.swift; path = PomodoroDetail.swift; sourceTree = "<group>"; };
		F9BE0C452936DE83007529FB /* DetailTaskVC.swift */ = {isa = PBXFileReference; lastKnownFileType = sourcecode.swift; path = DetailTaskVC.swift; sourceTree = "<group>"; };
		F9CB5DA72928EB52003C6371 /* TaskListCell.swift */ = {isa = PBXFileReference; lastKnownFileType = sourcecode.swift; path = TaskListCell.swift; sourceTree = "<group>"; };
		FC7A91B5E09AE943709014E3 /* Pods-Fokus.debug.xcconfig */ = {isa = PBXFileReference; includeInIndex = 1; lastKnownFileType = text.xcconfig; name = "Pods-Fokus.debug.xcconfig"; path = "Target Support Files/Pods-Fokus/Pods-Fokus.debug.xcconfig"; sourceTree = "<group>"; };
/* End PBXFileReference section */

/* Begin PBXFrameworksBuildPhase section */
		955A2FAA2912A7F300513D8E /* Frameworks */ = {
			isa = PBXFrameworksBuildPhase;
			buildActionMask = 2147483647;
			files = (
				3EEAD704CF702BD45A4B8D16 /* Pods_Fokus.framework in Frameworks */,
			);
			runOnlyForDeploymentPostprocessing = 0;
		};
/* End PBXFrameworksBuildPhase section */

/* Begin PBXGroup section */
		285427FCC21FE0FBF84D14D7 /* Pods */ = {
			isa = PBXGroup;
			children = (
				FC7A91B5E09AE943709014E3 /* Pods-Fokus.debug.xcconfig */,
				CCF6B459E7323D60CB578BF2 /* Pods-Fokus.release.xcconfig */,
			);
			path = Pods;
			sourceTree = "<group>";
		};
		3D2A95FA98B74DD50111E787 /* Frameworks */ = {
			isa = PBXGroup;
			children = (
				ACF241316042AB47065B50CF /* Pods_Fokus.framework */,
			);
			name = Frameworks;
			sourceTree = "<group>";
		};
		9513AFB829295E8500415C8B /* Home */ = {
			isa = PBXGroup;
			children = (
				9513AFBA29295EA700415C8B /* Components */,
				9513AFB929295E9A00415C8B /* Controllers */,
			);
			path = Home;
			sourceTree = "<group>";
		};
		9513AFB929295E9A00415C8B /* Controllers */ = {
			isa = PBXGroup;
			children = (
				9513AFBB29295ECE00415C8B /* HomeVC.swift */,
			);
			path = Controllers;
			sourceTree = "<group>";
		};
		9513AFBA29295EA700415C8B /* Components */ = {
			isa = PBXGroup;
			children = (
				F9CB5DA72928EB52003C6371 /* TaskListCell.swift */,
				B6CEE0932928DC9A00C04532 /* ProfileView.swift */,
			);
			path = Components;
			sourceTree = "<group>";
		};
		952BA1322925213800767FDD /* Data */ = {
			isa = PBXGroup;
			children = (
				955A2FB92912A7F300513D8E /* Fokus.xcdatamodeld */,
				952BA1342925216000767FDD /* Models */,
				952BA1332925214C00767FDD /* Repositories */,
			);
			path = Data;
			sourceTree = "<group>";
		};
		952BA1332925214C00767FDD /* Repositories */ = {
			isa = PBXGroup;
			children = (
			);
			path = Repositories;
			sourceTree = "<group>";
		};
		952BA1342925216000767FDD /* Models */ = {
			isa = PBXGroup;
			children = (
			);
			path = Models;
			sourceTree = "<group>";
		};
		952BA1352925216700767FDD /* Helpers */ = {
			isa = PBXGroup;
			children = (
				952BA139292521AA00767FDD /* Constants */,
				952BA13A292521EE00767FDD /* Preview SwiftUI */,
				952BA1382925219800767FDD /* Assets */,
				952BA1372925218F00767FDD /* Extensions */,
				952BA1362925218200767FDD /* Fonts */,
			);
			path = Helpers;
			sourceTree = "<group>";
		};
		952BA1362925218200767FDD /* Fonts */ = {
			isa = PBXGroup;
			children = (
			);
			path = Fonts;
			sourceTree = "<group>";
		};
		952BA1372925218F00767FDD /* Extensions */ = {
			isa = PBXGroup;
			children = (
			);
			path = Extensions;
			sourceTree = "<group>";
		};
		952BA1382925219800767FDD /* Assets */ = {
			isa = PBXGroup;
			children = (
				95059FA32928D8AF002D97D1 /* AtkinsonHyperlegible-Bold.ttf */,
				95059FA42928D8AF002D97D1 /* AtkinsonHyperlegible-Regular.ttf */,
			);
			path = Assets;
			sourceTree = "<group>";
		};
		952BA139292521AA00767FDD /* Constants */ = {
			isa = PBXGroup;
			children = (
				95059F9F2928D689002D97D1 /* Colors.swift */,
				95059FA12928D83B002D97D1 /* Font.swift */,
				95ECFECF2931F20700F5F334 /* Font Size.swift */,
			);
			path = Constants;
			sourceTree = "<group>";
		};
		952BA13A292521EE00767FDD /* Preview SwiftUI */ = {
			isa = PBXGroup;
			children = (
				952BA13B292521EE00767FDD /* ViewPreview.swift */,
				952BA13C292521EE00767FDD /* ViewControllerPreview.swift */,
			);
			name = "Preview SwiftUI";
			path = "Fokus/Helpers/Preview SwiftUI";
			sourceTree = SOURCE_ROOT;
		};
		952BA13F2925220800767FDD /* Presentation */ = {
			isa = PBXGroup;
			children = (
				F9BE0C3F29364FB6007529FB /* Detail Task */,
				952BA1402925221500767FDD /* General */,
				952BF7EB292CF2BE00D924A8 /* Create Task */,
				9513AFB829295E8500415C8B /* Home */,
			);
			path = Presentation;
			sourceTree = "<group>";
		};
		952BA1402925221500767FDD /* General */ = {
			isa = PBXGroup;
			children = (
				952BA1452925227800767FDD /* TabBarVC.swift */,
				952BA1422925224B00767FDD /* DummyVC.swift */,
				952BA1412925222300767FDD /* Components */,
			);
			path = General;
			sourceTree = "<group>";
		};
		952BA1412925222300767FDD /* Components */ = {
			isa = PBXGroup;
			children = (
				95ECFECB2931F09200F5F334 /* TitleTextField.swift */,
				95ECFECD2931F19B00F5F334 /* SubHeadLabel.swift */,
			);
			path = Components;
			sourceTree = "<group>";
		};
		952BA14A292522CB00767FDD /* Misc */ = {
			isa = PBXGroup;
			children = (
			);
			path = Misc;
			sourceTree = "<group>";
		};
		952BF7EB292CF2BE00D924A8 /* Create Task */ = {
			isa = PBXGroup;
			children = (
				95ECFECA2931F03000F5F334 /* Controllers */,
				952BF7EC292CF2BE00D924A8 /* Components */,
			);
			path = "Create Task";
			sourceTree = "<group>";
		};
		952BF7EC292CF2BE00D924A8 /* Components */ = {
			isa = PBXGroup;
			children = (
				952BF7ED292CF2BE00D924A8 /* OptionsCollectionView.swift */,
				952BF7EF292D00A500D924A8 /* OptionButton.swift */,
				952BF7F1292D060A00D924A8 /* CounterView.swift */,
			);
			path = Components;
			sourceTree = "<group>";
		};
		955A2FA42912A7F300513D8E = {
			isa = PBXGroup;
			children = (
				955A2FAF2912A7F300513D8E /* Fokus */,
				955A2FAE2912A7F300513D8E /* Products */,
				285427FCC21FE0FBF84D14D7 /* Pods */,
				3D2A95FA98B74DD50111E787 /* Frameworks */,
			);
			sourceTree = "<group>";
		};
		955A2FAE2912A7F300513D8E /* Products */ = {
			isa = PBXGroup;
			children = (
				955A2FAD2912A7F300513D8E /* Fokus.app */,
			);
			name = Products;
			sourceTree = "<group>";
		};
		955A2FAF2912A7F300513D8E /* Fokus */ = {
			isa = PBXGroup;
			children = (
				955A2FB02912A7F300513D8E /* AppDelegate.swift */,
				955A2FB22912A7F300513D8E /* SceneDelegate.swift */,
				955A2FBC2912A7F400513D8E /* Assets.xcassets */,
				955A2FB62912A7F300513D8E /* Main.storyboard */,
				955A2FBE2912A7F400513D8E /* LaunchScreen.storyboard */,
				955A2FC12912A7F400513D8E /* Info.plist */,
				952BA14A292522CB00767FDD /* Misc */,
				952BA1322925213800767FDD /* Data */,
				952BA13F2925220800767FDD /* Presentation */,
				952BA1352925216700767FDD /* Helpers */,
			);
			path = Fokus;
			sourceTree = "<group>";
		};
		95ECFECA2931F03000F5F334 /* Controllers */ = {
			isa = PBXGroup;
			children = (
				95ECFEC82931F02900F5F334 /* CreateTaskVC.swift */,
			);
			path = Controllers;
			sourceTree = "<group>";
		};
		F9BE0C3F29364FB6007529FB /* Detail Task */ = {
			isa = PBXGroup;
			children = (
				F9BE0C4129364FDA007529FB /* Components */,
				F9BE0C4029364FC9007529FB /* Controllers */,
			);
			path = "Detail Task";
			sourceTree = "<group>";
		};
		F9BE0C4029364FC9007529FB /* Controllers */ = {
			isa = PBXGroup;
			children = (
				F9BE0C452936DE83007529FB /* DetailTaskVC.swift */,
			);
			path = Controllers;
			sourceTree = "<group>";
		};
		F9BE0C4129364FDA007529FB /* Components */ = {
			isa = PBXGroup;
			children = (
				F9BE0C4229365A05007529FB /* PomodoroDetail.swift */,
			);
			path = Components;
			sourceTree = "<group>";
		};
/* End PBXGroup section */

/* Begin PBXNativeTarget section */
		955A2FAC2912A7F300513D8E /* Fokus */ = {
			isa = PBXNativeTarget;
			buildConfigurationList = 955A2FC42912A7F400513D8E /* Build configuration list for PBXNativeTarget "Fokus" */;
			buildPhases = (
				FB86F9BEDCBBD805FC706532 /* [CP] Check Pods Manifest.lock */,
				955A2FA92912A7F300513D8E /* Sources */,
				955A2FAA2912A7F300513D8E /* Frameworks */,
				955A2FAB2912A7F300513D8E /* Resources */,
				0D40A248F8441A0CA36028CF /* [CP] Embed Pods Frameworks */,
			);
			buildRules = (
			);
			dependencies = (
			);
			name = Fokus;
			productName = Fokus;
			productReference = 955A2FAD2912A7F300513D8E /* Fokus.app */;
			productType = "com.apple.product-type.application";
		};
/* End PBXNativeTarget section */

/* Begin PBXProject section */
		955A2FA52912A7F300513D8E /* Project object */ = {
			isa = PBXProject;
			attributes = {
				BuildIndependentTargetsInParallel = 1;
				LastSwiftUpdateCheck = 1400;
				LastUpgradeCheck = 1400;
				TargetAttributes = {
					955A2FAC2912A7F300513D8E = {
						CreatedOnToolsVersion = 14.0.1;
					};
				};
			};
			buildConfigurationList = 955A2FA82912A7F300513D8E /* Build configuration list for PBXProject "Fokus" */;
			compatibilityVersion = "Xcode 12.0";
			developmentRegion = en;
			hasScannedForEncodings = 0;
			knownRegions = (
				en,
				Base,
			);
			mainGroup = 955A2FA42912A7F300513D8E;
			productRefGroup = 955A2FAE2912A7F300513D8E /* Products */;
			projectDirPath = "";
			projectRoot = "";
			targets = (
				955A2FAC2912A7F300513D8E /* Fokus */,
			);
		};
/* End PBXProject section */

/* Begin PBXResourcesBuildPhase section */
		955A2FAB2912A7F300513D8E /* Resources */ = {
			isa = PBXResourcesBuildPhase;
			buildActionMask = 2147483647;
			files = (
				95059FA52928E6D0002D97D1 /* AtkinsonHyperlegible-Regular.ttf in Resources */,
				955A2FC02912A7F400513D8E /* LaunchScreen.storyboard in Resources */,
				955A2FBD2912A7F400513D8E /* Assets.xcassets in Resources */,
				955A2FB82912A7F300513D8E /* Main.storyboard in Resources */,
				95059FA62928E6D3002D97D1 /* AtkinsonHyperlegible-Bold.ttf in Resources */,
			);
			runOnlyForDeploymentPostprocessing = 0;
		};
/* End PBXResourcesBuildPhase section */

/* Begin PBXShellScriptBuildPhase section */
		0D40A248F8441A0CA36028CF /* [CP] Embed Pods Frameworks */ = {
			isa = PBXShellScriptBuildPhase;
			buildActionMask = 2147483647;
			files = (
			);
			inputFileListPaths = (
				"${PODS_ROOT}/Target Support Files/Pods-Fokus/Pods-Fokus-frameworks-${CONFIGURATION}-input-files.xcfilelist",
			);
			name = "[CP] Embed Pods Frameworks";
			outputFileListPaths = (
				"${PODS_ROOT}/Target Support Files/Pods-Fokus/Pods-Fokus-frameworks-${CONFIGURATION}-output-files.xcfilelist",
			);
			runOnlyForDeploymentPostprocessing = 0;
			shellPath = /bin/sh;
			shellScript = "\"${PODS_ROOT}/Target Support Files/Pods-Fokus/Pods-Fokus-frameworks.sh\"\n";
			showEnvVarsInLog = 0;
		};
		FB86F9BEDCBBD805FC706532 /* [CP] Check Pods Manifest.lock */ = {
			isa = PBXShellScriptBuildPhase;
			buildActionMask = 2147483647;
			files = (
			);
			inputFileListPaths = (
			);
			inputPaths = (
				"${PODS_PODFILE_DIR_PATH}/Podfile.lock",
				"${PODS_ROOT}/Manifest.lock",
			);
			name = "[CP] Check Pods Manifest.lock";
			outputFileListPaths = (
			);
			outputPaths = (
				"$(DERIVED_FILE_DIR)/Pods-Fokus-checkManifestLockResult.txt",
			);
			runOnlyForDeploymentPostprocessing = 0;
			shellPath = /bin/sh;
			shellScript = "diff \"${PODS_PODFILE_DIR_PATH}/Podfile.lock\" \"${PODS_ROOT}/Manifest.lock\" > /dev/null\nif [ $? != 0 ] ; then\n    # print error to STDERR\n    echo \"error: The sandbox is not in sync with the Podfile.lock. Run 'pod install' or update your CocoaPods installation.\" >&2\n    exit 1\nfi\n# This output is used by Xcode 'outputs' to avoid re-running this script phase.\necho \"SUCCESS\" > \"${SCRIPT_OUTPUT_FILE_0}\"\n";
			showEnvVarsInLog = 0;
		};
/* End PBXShellScriptBuildPhase section */

/* Begin PBXSourcesBuildPhase section */
		955A2FA92912A7F300513D8E /* Sources */ = {
			isa = PBXSourcesBuildPhase;
			buildActionMask = 2147483647;
			files = (
				F9BE0C462936DE84007529FB /* DetailTaskVC.swift in Sources */,
				952BA1462925227800767FDD /* TabBarVC.swift in Sources */,
				95059FA02928D689002D97D1 /* Colors.swift in Sources */,
				95ECFECE2931F19B00F5F334 /* SubHeadLabel.swift in Sources */,
				B6CEE0942928DC9A00C04532 /* ProfileView.swift in Sources */,
				955A2FB12912A7F300513D8E /* AppDelegate.swift in Sources */,
				95ECFED02931F20700F5F334 /* Font Size.swift in Sources */,
				952BA1432925224B00767FDD /* DummyVC.swift in Sources */,
				95ECFECC2931F09200F5F334 /* TitleTextField.swift in Sources */,
				952BA13E292521EE00767FDD /* ViewControllerPreview.swift in Sources */,
				F9CB5DA82928EB52003C6371 /* TaskListCell.swift in Sources */,
				95059FA22928D83B002D97D1 /* Font.swift in Sources */,
				952BF7F0292D00A500D924A8 /* OptionButton.swift in Sources */,
				952BA13D292521EE00767FDD /* ViewPreview.swift in Sources */,
				952BF7EE292CF2BF00D924A8 /* OptionsCollectionView.swift in Sources */,
				9513AFBC29295ECE00415C8B /* HomeVC.swift in Sources */,
				955A2FBB2912A7F300513D8E /* Fokus.xcdatamodeld in Sources */,
				95ECFEC92931F02900F5F334 /* CreateTaskVC.swift in Sources */,
				F9BE0C4329365A05007529FB /* PomodoroDetail.swift in Sources */,
				955A2FB32912A7F300513D8E /* SceneDelegate.swift in Sources */,
				952BF7F2292D060A00D924A8 /* CounterView.swift in Sources */,
			);
			runOnlyForDeploymentPostprocessing = 0;
		};
/* End PBXSourcesBuildPhase section */

/* Begin PBXVariantGroup section */
		955A2FB62912A7F300513D8E /* Main.storyboard */ = {
			isa = PBXVariantGroup;
			children = (
				955A2FB72912A7F300513D8E /* Base */,
			);
			name = Main.storyboard;
			sourceTree = "<group>";
		};
		955A2FBE2912A7F400513D8E /* LaunchScreen.storyboard */ = {
			isa = PBXVariantGroup;
			children = (
				955A2FBF2912A7F400513D8E /* Base */,
			);
			name = LaunchScreen.storyboard;
			sourceTree = "<group>";
		};
/* End PBXVariantGroup section */

/* Begin XCBuildConfiguration section */
		955A2FC22912A7F400513D8E /* Debug */ = {
			isa = XCBuildConfiguration;
			buildSettings = {
				ALWAYS_SEARCH_USER_PATHS = NO;
				CLANG_ANALYZER_NONNULL = YES;
				CLANG_ANALYZER_NUMBER_OBJECT_CONVERSION = YES_AGGRESSIVE;
				CLANG_CXX_LANGUAGE_STANDARD = "gnu++20";
				CLANG_ENABLE_MODULES = YES;
				CLANG_ENABLE_OBJC_ARC = YES;
				CLANG_ENABLE_OBJC_WEAK = YES;
				CLANG_WARN_BLOCK_CAPTURE_AUTORELEASING = YES;
				CLANG_WARN_BOOL_CONVERSION = YES;
				CLANG_WARN_COMMA = YES;
				CLANG_WARN_CONSTANT_CONVERSION = YES;
				CLANG_WARN_DEPRECATED_OBJC_IMPLEMENTATIONS = YES;
				CLANG_WARN_DIRECT_OBJC_ISA_USAGE = YES_ERROR;
				CLANG_WARN_DOCUMENTATION_COMMENTS = YES;
				CLANG_WARN_EMPTY_BODY = YES;
				CLANG_WARN_ENUM_CONVERSION = YES;
				CLANG_WARN_INFINITE_RECURSION = YES;
				CLANG_WARN_INT_CONVERSION = YES;
				CLANG_WARN_NON_LITERAL_NULL_CONVERSION = YES;
				CLANG_WARN_OBJC_IMPLICIT_RETAIN_SELF = YES;
				CLANG_WARN_OBJC_LITERAL_CONVERSION = YES;
				CLANG_WARN_OBJC_ROOT_CLASS = YES_ERROR;
				CLANG_WARN_QUOTED_INCLUDE_IN_FRAMEWORK_HEADER = YES;
				CLANG_WARN_RANGE_LOOP_ANALYSIS = YES;
				CLANG_WARN_STRICT_PROTOTYPES = YES;
				CLANG_WARN_SUSPICIOUS_MOVE = YES;
				CLANG_WARN_UNGUARDED_AVAILABILITY = YES_AGGRESSIVE;
				CLANG_WARN_UNREACHABLE_CODE = YES;
				CLANG_WARN__DUPLICATE_METHOD_MATCH = YES;
				COPY_PHASE_STRIP = NO;
				DEBUG_INFORMATION_FORMAT = dwarf;
				ENABLE_STRICT_OBJC_MSGSEND = YES;
				ENABLE_TESTABILITY = YES;
				GCC_C_LANGUAGE_STANDARD = gnu11;
				GCC_DYNAMIC_NO_PIC = NO;
				GCC_NO_COMMON_BLOCKS = YES;
				GCC_OPTIMIZATION_LEVEL = 0;
				GCC_PREPROCESSOR_DEFINITIONS = (
					"DEBUG=1",
					"$(inherited)",
				);
				GCC_WARN_64_TO_32_BIT_CONVERSION = YES;
				GCC_WARN_ABOUT_RETURN_TYPE = YES_ERROR;
				GCC_WARN_UNDECLARED_SELECTOR = YES;
				GCC_WARN_UNINITIALIZED_AUTOS = YES_AGGRESSIVE;
				GCC_WARN_UNUSED_FUNCTION = YES;
				GCC_WARN_UNUSED_VARIABLE = YES;
				IPHONEOS_DEPLOYMENT_TARGET = 13.0;
				MTL_ENABLE_DEBUG_INFO = INCLUDE_SOURCE;
				MTL_FAST_MATH = YES;
				ONLY_ACTIVE_ARCH = YES;
				SDKROOT = iphoneos;
				SWIFT_ACTIVE_COMPILATION_CONDITIONS = DEBUG;
				SWIFT_OPTIMIZATION_LEVEL = "-Onone";
			};
			name = Debug;
		};
		955A2FC32912A7F400513D8E /* Release */ = {
			isa = XCBuildConfiguration;
			buildSettings = {
				ALWAYS_SEARCH_USER_PATHS = NO;
				CLANG_ANALYZER_NONNULL = YES;
				CLANG_ANALYZER_NUMBER_OBJECT_CONVERSION = YES_AGGRESSIVE;
				CLANG_CXX_LANGUAGE_STANDARD = "gnu++20";
				CLANG_ENABLE_MODULES = YES;
				CLANG_ENABLE_OBJC_ARC = YES;
				CLANG_ENABLE_OBJC_WEAK = YES;
				CLANG_WARN_BLOCK_CAPTURE_AUTORELEASING = YES;
				CLANG_WARN_BOOL_CONVERSION = YES;
				CLANG_WARN_COMMA = YES;
				CLANG_WARN_CONSTANT_CONVERSION = YES;
				CLANG_WARN_DEPRECATED_OBJC_IMPLEMENTATIONS = YES;
				CLANG_WARN_DIRECT_OBJC_ISA_USAGE = YES_ERROR;
				CLANG_WARN_DOCUMENTATION_COMMENTS = YES;
				CLANG_WARN_EMPTY_BODY = YES;
				CLANG_WARN_ENUM_CONVERSION = YES;
				CLANG_WARN_INFINITE_RECURSION = YES;
				CLANG_WARN_INT_CONVERSION = YES;
				CLANG_WARN_NON_LITERAL_NULL_CONVERSION = YES;
				CLANG_WARN_OBJC_IMPLICIT_RETAIN_SELF = YES;
				CLANG_WARN_OBJC_LITERAL_CONVERSION = YES;
				CLANG_WARN_OBJC_ROOT_CLASS = YES_ERROR;
				CLANG_WARN_QUOTED_INCLUDE_IN_FRAMEWORK_HEADER = YES;
				CLANG_WARN_RANGE_LOOP_ANALYSIS = YES;
				CLANG_WARN_STRICT_PROTOTYPES = YES;
				CLANG_WARN_SUSPICIOUS_MOVE = YES;
				CLANG_WARN_UNGUARDED_AVAILABILITY = YES_AGGRESSIVE;
				CLANG_WARN_UNREACHABLE_CODE = YES;
				CLANG_WARN__DUPLICATE_METHOD_MATCH = YES;
				COPY_PHASE_STRIP = NO;
				DEBUG_INFORMATION_FORMAT = "dwarf-with-dsym";
				ENABLE_NS_ASSERTIONS = NO;
				ENABLE_STRICT_OBJC_MSGSEND = YES;
				GCC_C_LANGUAGE_STANDARD = gnu11;
				GCC_NO_COMMON_BLOCKS = YES;
				GCC_WARN_64_TO_32_BIT_CONVERSION = YES;
				GCC_WARN_ABOUT_RETURN_TYPE = YES_ERROR;
				GCC_WARN_UNDECLARED_SELECTOR = YES;
				GCC_WARN_UNINITIALIZED_AUTOS = YES_AGGRESSIVE;
				GCC_WARN_UNUSED_FUNCTION = YES;
				GCC_WARN_UNUSED_VARIABLE = YES;
				IPHONEOS_DEPLOYMENT_TARGET = 13.0;
				MTL_ENABLE_DEBUG_INFO = NO;
				MTL_FAST_MATH = YES;
				SDKROOT = iphoneos;
				SWIFT_COMPILATION_MODE = wholemodule;
				SWIFT_OPTIMIZATION_LEVEL = "-O";
				VALIDATE_PRODUCT = YES;
			};
			name = Release;
		};
		955A2FC52912A7F400513D8E /* Debug */ = {
			isa = XCBuildConfiguration;
			baseConfigurationReference = FC7A91B5E09AE943709014E3 /* Pods-Fokus.debug.xcconfig */;
			buildSettings = {
				ASSETCATALOG_COMPILER_APPICON_NAME = AppIcon;
				ASSETCATALOG_COMPILER_GLOBAL_ACCENT_COLOR_NAME = AccentColor;
				CODE_SIGN_STYLE = Automatic;
				CURRENT_PROJECT_VERSION = 1;
				GENERATE_INFOPLIST_FILE = YES;
				INFOPLIST_FILE = Fokus/Info.plist;
				INFOPLIST_KEY_CFBundleDisplayName = Fokus;
				INFOPLIST_KEY_LSApplicationCategoryType = "public.app-category.productivity";
				INFOPLIST_KEY_UIApplicationSupportsIndirectInputEvents = YES;
				INFOPLIST_KEY_UILaunchStoryboardName = LaunchScreen;
				INFOPLIST_KEY_UIMainStoryboardFile = Main;
				INFOPLIST_KEY_UISupportedInterfaceOrientations = "UIInterfaceOrientationLandscapeLeft UIInterfaceOrientationLandscapeRight UIInterfaceOrientationPortrait";
				INFOPLIST_KEY_UISupportedInterfaceOrientations_iPad = "UIInterfaceOrientationLandscapeLeft UIInterfaceOrientationLandscapeRight UIInterfaceOrientationPortrait UIInterfaceOrientationPortraitUpsideDown";
				IPHONEOS_DEPLOYMENT_TARGET = 13.0;
				LD_RUNPATH_SEARCH_PATHS = (
					"$(inherited)",
					"@executable_path/Frameworks",
				);
				MARKETING_VERSION = 1.0;
				PRODUCT_BUNDLE_IDENTIFIER = com.skripsi.Fokus;
				PRODUCT_NAME = "$(TARGET_NAME)";
				SUPPORTED_PLATFORMS = "iphoneos iphonesimulator";
				SUPPORTS_MACCATALYST = NO;
				SUPPORTS_MAC_DESIGNED_FOR_IPHONE_IPAD = NO;
				SWIFT_EMIT_LOC_STRINGS = YES;
				SWIFT_VERSION = 5.0;
				TARGETED_DEVICE_FAMILY = 1;
			};
			name = Debug;
		};
		955A2FC62912A7F400513D8E /* Release */ = {
			isa = XCBuildConfiguration;
			baseConfigurationReference = CCF6B459E7323D60CB578BF2 /* Pods-Fokus.release.xcconfig */;
			buildSettings = {
				ASSETCATALOG_COMPILER_APPICON_NAME = AppIcon;
				ASSETCATALOG_COMPILER_GLOBAL_ACCENT_COLOR_NAME = AccentColor;
				CODE_SIGN_STYLE = Automatic;
				CURRENT_PROJECT_VERSION = 1;
				GENERATE_INFOPLIST_FILE = YES;
				INFOPLIST_FILE = Fokus/Info.plist;
				INFOPLIST_KEY_CFBundleDisplayName = Fokus;
				INFOPLIST_KEY_LSApplicationCategoryType = "public.app-category.productivity";
				INFOPLIST_KEY_UIApplicationSupportsIndirectInputEvents = YES;
				INFOPLIST_KEY_UILaunchStoryboardName = LaunchScreen;
				INFOPLIST_KEY_UIMainStoryboardFile = Main;
				INFOPLIST_KEY_UISupportedInterfaceOrientations = "UIInterfaceOrientationLandscapeLeft UIInterfaceOrientationLandscapeRight UIInterfaceOrientationPortrait";
				INFOPLIST_KEY_UISupportedInterfaceOrientations_iPad = "UIInterfaceOrientationLandscapeLeft UIInterfaceOrientationLandscapeRight UIInterfaceOrientationPortrait UIInterfaceOrientationPortraitUpsideDown";
				IPHONEOS_DEPLOYMENT_TARGET = 13.0;
				LD_RUNPATH_SEARCH_PATHS = (
					"$(inherited)",
					"@executable_path/Frameworks",
				);
				MARKETING_VERSION = 1.0;
				PRODUCT_BUNDLE_IDENTIFIER = com.skripsi.Fokus;
				PRODUCT_NAME = "$(TARGET_NAME)";
				SUPPORTED_PLATFORMS = "iphoneos iphonesimulator";
				SUPPORTS_MACCATALYST = NO;
				SUPPORTS_MAC_DESIGNED_FOR_IPHONE_IPAD = NO;
				SWIFT_EMIT_LOC_STRINGS = YES;
				SWIFT_VERSION = 5.0;
				TARGETED_DEVICE_FAMILY = 1;
			};
			name = Release;
		};
/* End XCBuildConfiguration section */

/* Begin XCConfigurationList section */
		955A2FA82912A7F300513D8E /* Build configuration list for PBXProject "Fokus" */ = {
			isa = XCConfigurationList;
			buildConfigurations = (
				955A2FC22912A7F400513D8E /* Debug */,
				955A2FC32912A7F400513D8E /* Release */,
			);
			defaultConfigurationIsVisible = 0;
			defaultConfigurationName = Release;
		};
		955A2FC42912A7F400513D8E /* Build configuration list for PBXNativeTarget "Fokus" */ = {
			isa = XCConfigurationList;
			buildConfigurations = (
				955A2FC52912A7F400513D8E /* Debug */,
				955A2FC62912A7F400513D8E /* Release */,
			);
			defaultConfigurationIsVisible = 0;
			defaultConfigurationName = Release;
		};
/* End XCConfigurationList section */

/* Begin XCVersionGroup section */
		955A2FB92912A7F300513D8E /* Fokus.xcdatamodeld */ = {
			isa = XCVersionGroup;
			children = (
				955A2FBA2912A7F300513D8E /* Fokus.xcdatamodel */,
			);
			currentVersion = 955A2FBA2912A7F300513D8E /* Fokus.xcdatamodel */;
			path = Fokus.xcdatamodeld;
			sourceTree = "<group>";
			versionGroupType = wrapper.xcdatamodel;
		};
/* End XCVersionGroup section */
	};
	rootObject = 955A2FA52912A7F300513D8E /* Project object */;
}
